// !$*UTF8*$!
{
	archiveVersion = 1;
	classes = {
	};
	objectVersion = 50;
	objects = {

/* Begin PBXBuildFile section */
		C073BE79233ECE1E00972366 /* AppDelegate.swift in Sources */ = {isa = PBXBuildFile; fileRef = C073BE78233ECE1E00972366 /* AppDelegate.swift */; };
		C073BE7B233ECE1E00972366 /* SceneDelegate.swift in Sources */ = {isa = PBXBuildFile; fileRef = C073BE7A233ECE1E00972366 /* SceneDelegate.swift */; };
		C073BE7D233ECE1E00972366 /* ViewController.swift in Sources */ = {isa = PBXBuildFile; fileRef = C073BE7C233ECE1E00972366 /* ViewController.swift */; };
		C073BE80233ECE1E00972366 /* Main.storyboard in Resources */ = {isa = PBXBuildFile; fileRef = C073BE7E233ECE1E00972366 /* Main.storyboard */; };
		C073BE83233ECE1E00972366 /* WeatherApp.xcdatamodeld in Sources */ = {isa = PBXBuildFile; fileRef = C073BE81233ECE1E00972366 /* WeatherApp.xcdatamodeld */; };
		C073BE85233ECE1F00972366 /* Assets.xcassets in Resources */ = {isa = PBXBuildFile; fileRef = C073BE84233ECE1F00972366 /* Assets.xcassets */; };
		C073BE88233ECE1F00972366 /* LaunchScreen.storyboard in Resources */ = {isa = PBXBuildFile; fileRef = C073BE86233ECE1F00972366 /* LaunchScreen.storyboard */; };
		C0A3648A234334C700F1AE0A /* CityCell.swift in Sources */ = {isa = PBXBuildFile; fileRef = C0A36489234334C700F1AE0A /* CityCell.swift */; };
		C0A3648C23433D5B00F1AE0A /* WeatherClient.swift in Sources */ = {isa = PBXBuildFile; fileRef = C0A3648B23433D5B00F1AE0A /* WeatherClient.swift */; };
/* End PBXBuildFile section */

/* Begin PBXFileReference section */
		C073BE75233ECE1E00972366 /* WeatherApp.app */ = {isa = PBXFileReference; explicitFileType = wrapper.application; includeInIndex = 0; path = WeatherApp.app; sourceTree = BUILT_PRODUCTS_DIR; };
		C073BE78233ECE1E00972366 /* AppDelegate.swift */ = {isa = PBXFileReference; lastKnownFileType = sourcecode.swift; path = AppDelegate.swift; sourceTree = "<group>"; };
		C073BE7A233ECE1E00972366 /* SceneDelegate.swift */ = {isa = PBXFileReference; lastKnownFileType = sourcecode.swift; path = SceneDelegate.swift; sourceTree = "<group>"; };
		C073BE7C233ECE1E00972366 /* ViewController.swift */ = {isa = PBXFileReference; lastKnownFileType = sourcecode.swift; path = ViewController.swift; sourceTree = "<group>"; };
		C073BE7F233ECE1E00972366 /* Base */ = {isa = PBXFileReference; lastKnownFileType = file.storyboard; name = Base; path = Base.lproj/Main.storyboard; sourceTree = "<group>"; };
		C073BE82233ECE1E00972366 /* WeatherApp.xcdatamodel */ = {isa = PBXFileReference; lastKnownFileType = wrapper.xcdatamodel; path = WeatherApp.xcdatamodel; sourceTree = "<group>"; };
		C073BE84233ECE1F00972366 /* Assets.xcassets */ = {isa = PBXFileReference; lastKnownFileType = folder.assetcatalog; path = Assets.xcassets; sourceTree = "<group>"; };
		C073BE87233ECE1F00972366 /* Base */ = {isa = PBXFileReference; lastKnownFileType = file.storyboard; name = Base; path = Base.lproj/LaunchScreen.storyboard; sourceTree = "<group>"; };
		C073BE89233ECE1F00972366 /* Info.plist */ = {isa = PBXFileReference; lastKnownFileType = text.plist.xml; path = Info.plist; sourceTree = "<group>"; };
		C0A36489234334C700F1AE0A /* CityCell.swift */ = {isa = PBXFileReference; lastKnownFileType = sourcecode.swift; path = CityCell.swift; sourceTree = "<group>"; };
		C0A3648B23433D5B00F1AE0A /* WeatherClient.swift */ = {isa = PBXFileReference; lastKnownFileType = sourcecode.swift; path = WeatherClient.swift; sourceTree = "<group>"; };
/* End PBXFileReference section */

/* Begin PBXFrameworksBuildPhase section */
		C073BE72233ECE1E00972366 /* Frameworks */ = {
			isa = PBXFrameworksBuildPhase;
			buildActionMask = 2147483647;
			files = (
			);
			runOnlyForDeploymentPostprocessing = 0;
		};
/* End PBXFrameworksBuildPhase section */

/* Begin PBXGroup section */
		C073BE6C233ECE1E00972366 = {
			isa = PBXGroup;
			children = (
				C073BE77233ECE1E00972366 /* WeatherApp */,
				C073BE76233ECE1E00972366 /* Products */,
			);
			sourceTree = "<group>";
		};
		C073BE76233ECE1E00972366 /* Products */ = {
			isa = PBXGroup;
			children = (
				C073BE75233ECE1E00972366 /* WeatherApp.app */,
			);
			name = Products;
			sourceTree = "<group>";
		};
		C073BE77233ECE1E00972366 /* WeatherApp */ = {
			isa = PBXGroup;
			children = (
				C073BE78233ECE1E00972366 /* AppDelegate.swift */,
				C073BE7A233ECE1E00972366 /* SceneDelegate.swift */,
				C073BE7C233ECE1E00972366 /* ViewController.swift */,
				C073BE7E233ECE1E00972366 /* Main.storyboard */,
				C0A3648B23433D5B00F1AE0A /* WeatherClient.swift */,
				C073BE84233ECE1F00972366 /* Assets.xcassets */,
				C073BE86233ECE1F00972366 /* LaunchScreen.storyboard */,
				C073BE89233ECE1F00972366 /* Info.plist */,
				C073BE81233ECE1E00972366 /* WeatherApp.xcdatamodeld */,
				C0A36489234334C700F1AE0A /* CityCell.swift */,
			);
			path = WeatherApp;
			sourceTree = "<group>";
		};
/* End PBXGroup section */

/* Begin PBXNativeTarget section */
		C073BE74233ECE1E00972366 /* WeatherApp */ = {
			isa = PBXNativeTarget;
			buildConfigurationList = C073BE8C233ECE1F00972366 /* Build configuration list for PBXNativeTarget "WeatherApp" */;
			buildPhases = (
				C073BE71233ECE1E00972366 /* Sources */,
				C073BE72233ECE1E00972366 /* Frameworks */,
				C073BE73233ECE1E00972366 /* Resources */,
			);
			buildRules = (
			);
			dependencies = (
			);
			name = WeatherApp;
			productName = WeatherApp;
			productReference = C073BE75233ECE1E00972366 /* WeatherApp.app */;
			productType = "com.apple.product-type.application";
		};
/* End PBXNativeTarget section */

/* Begin PBXProject section */
		C073BE6D233ECE1E00972366 /* Project object */ = {
			isa = PBXProject;
			attributes = {
				LastSwiftUpdateCheck = 1100;
				LastUpgradeCheck = 1100;
				ORGANIZATIONNAME = kifio;
				TargetAttributes = {
					C073BE74233ECE1E00972366 = {
						CreatedOnToolsVersion = 11.0;
					};
				};
			};
			buildConfigurationList = C073BE70233ECE1E00972366 /* Build configuration list for PBXProject "WeatherApp" */;
			compatibilityVersion = "Xcode 9.3";
			developmentRegion = en;
			hasScannedForEncodings = 0;
			knownRegions = (
				en,
				Base,
			);
			mainGroup = C073BE6C233ECE1E00972366;
			productRefGroup = C073BE76233ECE1E00972366 /* Products */;
			projectDirPath = "";
			projectRoot = "";
			targets = (
				C073BE74233ECE1E00972366 /* WeatherApp */,
			);
		};
/* End PBXProject section */

/* Begin PBXResourcesBuildPhase section */
		C073BE73233ECE1E00972366 /* Resources */ = {
			isa = PBXResourcesBuildPhase;
			buildActionMask = 2147483647;
			files = (
				C073BE88233ECE1F00972366 /* LaunchScreen.storyboard in Resources */,
				C073BE85233ECE1F00972366 /* Assets.xcassets in Resources */,
				C073BE80233ECE1E00972366 /* Main.storyboard in Resources */,
			);
			runOnlyForDeploymentPostprocessing = 0;
		};
/* End PBXResourcesBuildPhase section */

/* Begin PBXSourcesBuildPhase section */
		C073BE71233ECE1E00972366 /* Sources */ = {
			isa = PBXSourcesBuildPhase;
			buildActionMask = 2147483647;
			files = (
				C073BE83233ECE1E00972366 /* WeatherApp.xcdatamodeld in Sources */,
				C073BE7D233ECE1E00972366 /* ViewController.swift in Sources */,
				C0A3648A234334C700F1AE0A /* CityCell.swift in Sources */,
				C073BE79233ECE1E00972366 /* AppDelegate.swift in Sources */,
				C073BE7B233ECE1E00972366 /* SceneDelegate.swift in Sources */,
				C0A3648C23433D5B00F1AE0A /* WeatherClient.swift in Sources */,
			);
			runOnlyForDeploymentPostprocessing = 0;
		};
/* End PBXSourcesBuildPhase section */

/* Begin PBXVariantGroup section */
		C073BE7E233ECE1E00972366 /* Main.storyboard */ = {
			isa = PBXVariantGroup;
			children = (
				C073BE7F233ECE1E00972366 /* Base */,
			);
			name = Main.storyboard;
			sourceTree = "<group>";
		};
		C073BE86233ECE1F00972366 /* LaunchScreen.storyboard */ = {
			isa = PBXVariantGroup;
			children = (
				C073BE87233ECE1F00972366 /* Base */,
			);
			name = LaunchScreen.storyboard;
			sourceTree = "<group>";
		};
/* End PBXVariantGroup section */

/* Begin XCBuildConfiguration section */
		C073BE8A233ECE1F00972366 /* Debug */ = {
			isa = XCBuildConfiguration;
			buildSettings = {
				ALWAYS_SEARCH_USER_PATHS = NO;
				CLANG_ANALYZER_NONNULL = YES;
				CLANG_ANALYZER_NUMBER_OBJECT_CONVERSION = YES_AGGRESSIVE;
				CLANG_CXX_LANGUAGE_STANDARD = "gnu++14";
				CLANG_CXX_LIBRARY = "libc++";
				CLANG_ENABLE_MODULES = YES;
				CLANG_ENABLE_OBJC_ARC = YES;
				CLANG_ENABLE_OBJC_WEAK = YES;
				CLANG_WARN_BLOCK_CAPTURE_AUTORELEASING = YES;
				CLANG_WARN_BOOL_CONVERSION = YES;
				CLANG_WARN_COMMA = YES;
				CLANG_WARN_CONSTANT_CONVERSION = YES;
				CLANG_WARN_DEPRECATED_OBJC_IMPLEMENTATIONS = YES;
				CLANG_WARN_DIRECT_OBJC_ISA_USAGE = YES_ERROR;
				CLANG_WARN_DOCUMENTATION_COMMENTS = YES;
				CLANG_WARN_EMPTY_BODY = YES;
				CLANG_WARN_ENUM_CONVERSION = YES;
				CLANG_WARN_INFINITE_RECURSION = YES;
				CLANG_WARN_INT_CONVERSION = YES;
				CLANG_WARN_NON_LITERAL_NULL_CONVERSION = YES;
				CLANG_WARN_OBJC_IMPLICIT_RETAIN_SELF = YES;
				CLANG_WARN_OBJC_LITERAL_CONVERSION = YES;
				CLANG_WARN_OBJC_ROOT_CLASS = YES_ERROR;
				CLANG_WARN_RANGE_LOOP_ANALYSIS = YES;
				CLANG_WARN_STRICT_PROTOTYPES = YES;
				CLANG_WARN_SUSPICIOUS_MOVE = YES;
				CLANG_WARN_UNGUARDED_AVAILABILITY = YES_AGGRESSIVE;
				CLANG_WARN_UNREACHABLE_CODE = YES;
				CLANG_WARN__DUPLICATE_METHOD_MATCH = YES;
				COPY_PHASE_STRIP = NO;
				DEBUG_INFORMATION_FORMAT = dwarf;
				ENABLE_STRICT_OBJC_MSGSEND = YES;
				ENABLE_TESTABILITY = YES;
				GCC_C_LANGUAGE_STANDARD = gnu11;
				GCC_DYNAMIC_NO_PIC = NO;
				GCC_NO_COMMON_BLOCKS = YES;
				GCC_OPTIMIZATION_LEVEL = 0;
				GCC_PREPROCESSOR_DEFINITIONS = (
					"DEBUG=1",
					"$(inherited)",
				);
				GCC_WARN_64_TO_32_BIT_CONVERSION = YES;
				GCC_WARN_ABOUT_RETURN_TYPE = YES_ERROR;
				GCC_WARN_UNDECLARED_SELECTOR = YES;
				GCC_WARN_UNINITIALIZED_AUTOS = YES_AGGRESSIVE;
				GCC_WARN_UNUSED_FUNCTION = YES;
				GCC_WARN_UNUSED_VARIABLE = YES;
				IPHONEOS_DEPLOYMENT_TARGET = 13.0;
				MTL_ENABLE_DEBUG_INFO = INCLUDE_SOURCE;
				MTL_FAST_MATH = YES;
				ONLY_ACTIVE_ARCH = YES;
				SDKROOT = iphoneos;
				SWIFT_ACTIVE_COMPILATION_CONDITIONS = DEBUG;
				SWIFT_OPTIMIZATION_LEVEL = "-Onone";
			};
			name = Debug;
		};
		C073BE8B233ECE1F00972366 /* Release */ = {
			isa = XCBuildConfiguration;
			buildSettings = {
				ALWAYS_SEARCH_USER_PATHS = NO;
				CLANG_ANALYZER_NONNULL = YES;
				CLANG_ANALYZER_NUMBER_OBJECT_CONVERSION = YES_AGGRESSIVE;
				CLANG_CXX_LANGUAGE_STANDARD = "gnu++14";
				CLANG_CXX_LIBRARY = "libc++";
				CLANG_ENABLE_MODULES = YES;
				CLANG_ENABLE_OBJC_ARC = YES;
				CLANG_ENABLE_OBJC_WEAK = YES;
				CLANG_WARN_BLOCK_CAPTURE_AUTORELEASING = YES;
				CLANG_WARN_BOOL_CONVERSION = YES;
				CLANG_WARN_COMMA = YES;
				CLANG_WARN_CONSTANT_CONVERSION = YES;
				CLANG_WARN_DEPRECATED_OBJC_IMPLEMENTATIONS = YES;
				CLANG_WARN_DIRECT_OBJC_ISA_USAGE = YES_ERROR;
				CLANG_WARN_DOCUMENTATION_COMMENTS = YES;
				CLANG_WARN_EMPTY_BODY = YES;
				CLANG_WARN_ENUM_CONVERSION = YES;
				CLANG_WARN_INFINITE_RECURSION = YES;
				CLANG_WARN_INT_CONVERSION = YES;
				CLANG_WARN_NON_LITERAL_NULL_CONVERSION = YES;
				CLANG_WARN_OBJC_IMPLICIT_RETAIN_SELF = YES;
				CLANG_WARN_OBJC_LITERAL_CONVERSION = YES;
				CLANG_WARN_OBJC_ROOT_CLASS = YES_ERROR;
				CLANG_WARN_RANGE_LOOP_ANALYSIS = YES;
				CLANG_WARN_STRICT_PROTOTYPES = YES;
				CLANG_WARN_SUSPICIOUS_MOVE = YES;
				CLANG_WARN_UNGUARDED_AVAILABILITY = YES_AGGRESSIVE;
				CLANG_WARN_UNREACHABLE_CODE = YES;
				CLANG_WARN__DUPLICATE_METHOD_MATCH = YES;
				COPY_PHASE_STRIP = NO;
				DEBUG_INFORMATION_FORMAT = "dwarf-with-dsym";
				ENABLE_NS_ASSERTIONS = NO;
				ENABLE_STRICT_OBJC_MSGSEND = YES;
				GCC_C_LANGUAGE_STANDARD = gnu11;
				GCC_NO_COMMON_BLOCKS = YES;
				GCC_WARN_64_TO_32_BIT_CONVERSION = YES;
				GCC_WARN_ABOUT_RETURN_TYPE = YES_ERROR;
				GCC_WARN_UNDECLARED_SELECTOR = YES;
				GCC_WARN_UNINITIALIZED_AUTOS = YES_AGGRESSIVE;
				GCC_WARN_UNUSED_FUNCTION = YES;
				GCC_WARN_UNUSED_VARIABLE = YES;
				IPHONEOS_DEPLOYMENT_TARGET = 13.0;
				MTL_ENABLE_DEBUG_INFO = NO;
				MTL_FAST_MATH = YES;
				SDKROOT = iphoneos;
				SWIFT_COMPILATION_MODE = wholemodule;
				SWIFT_OPTIMIZATION_LEVEL = "-O";
				VALIDATE_PRODUCT = YES;
			};
			name = Release;
		};
		C073BE8D233ECE1F00972366 /* Debug */ = {
			isa = XCBuildConfiguration;
			buildSettings = {
				ASSETCATALOG_COMPILER_APPICON_NAME = AppIcon;
				CODE_SIGN_STYLE = Automatic;
				DEVELOPMENT_TEAM = SU33AJBF5T;
				INFOPLIST_FILE = WeatherApp/Info.plist;
				LD_RUNPATH_SEARCH_PATHS = (
					"$(inherited)",
					"@executable_path/Frameworks",
				);
				PRODUCT_BUNDLE_IDENTIFIER = kifio.WeatherApp;
				PRODUCT_NAME = "$(TARGET_NAME)";
				SWIFT_VERSION = 5.0;
				TARGETED_DEVICE_FAMILY = "1,2";
			};
			name = Debug;
		};
		C073BE8E233ECE1F00972366 /* Release */ = {
			isa = XCBuildConfiguration;
			buildSettings = {
				ASSETCATALOG_COMPILER_APPICON_NAME = AppIcon;
				CODE_SIGN_STYLE = Automatic;
				DEVELOPMENT_TEAM = SU33AJBF5T;
				INFOPLIST_FILE = WeatherApp/Info.plist;
				LD_RUNPATH_SEARCH_PATHS = (
					"$(inherited)",
					"@executable_path/Frameworks",
				);
				PRODUCT_BUNDLE_IDENTIFIER = kifio.WeatherApp;
				PRODUCT_NAME = "$(TARGET_NAME)";
				SWIFT_VERSION = 5.0;
				TARGETED_DEVICE_FAMILY = "1,2";
			};
			name = Release;
		};
/* End XCBuildConfiguration section */

/* Begin XCConfigurationList section */
		C073BE70233ECE1E00972366 /* Build configuration list for PBXProject "WeatherApp" */ = {
			isa = XCConfigurationList;
			buildConfigurations = (
				C073BE8A233ECE1F00972366 /* Debug */,
				C073BE8B233ECE1F00972366 /* Release */,
			);
			defaultConfigurationIsVisible = 0;
			defaultConfigurationName = Release;
		};
		C073BE8C233ECE1F00972366 /* Build configuration list for PBXNativeTarget "WeatherApp" */ = {
			isa = XCConfigurationList;
			buildConfigurations = (
				C073BE8D233ECE1F00972366 /* Debug */,
				C073BE8E233ECE1F00972366 /* Release */,
			);
			defaultConfigurationIsVisible = 0;
			defaultConfigurationName = Release;
		};
/* End XCConfigurationList section */

/* Begin XCVersionGroup section */
		C073BE81233ECE1E00972366 /* WeatherApp.xcdatamodeld */ = {
			isa = XCVersionGroup;
			children = (
				C073BE82233ECE1E00972366 /* WeatherApp.xcdatamodel */,
			);
			currentVersion = C073BE82233ECE1E00972366 /* WeatherApp.xcdatamodel */;
			path = WeatherApp.xcdatamodeld;
			sourceTree = "<group>";
			versionGroupType = wrapper.xcdatamodel;
		};
/* End XCVersionGroup section */
	};
	rootObject = C073BE6D233ECE1E00972366 /* Project object */;
}
